// !$*UTF8*$!
{
	archiveVersion = 1;
	classes = {
	};
	objectVersion = 55;
	objects = {

/* Begin PBXBuildFile section */
		54056D7B2CE84881007571D7 /* APIClient.swift in Sources */ = {isa = PBXBuildFile; fileRef = 54056D7A2CE84881007571D7 /* APIClient.swift */; };
		54BA175E2CE129020041CF1A /* PerfectMixApp.swift in Sources */ = {isa = PBXBuildFile; fileRef = 54BA175D2CE129020041CF1A /* PerfectMixApp.swift */; };
		54BA17602CE129020041CF1A /* ContentView.swift in Sources */ = {isa = PBXBuildFile; fileRef = 54BA175F2CE129020041CF1A /* ContentView.swift */; };
		54BA17622CE129030041CF1A /* Assets.xcassets in Resources */ = {isa = PBXBuildFile; fileRef = 54BA17612CE129030041CF1A /* Assets.xcassets */; };
		54BA17652CE129030041CF1A /* Preview Assets.xcassets in Resources */ = {isa = PBXBuildFile; fileRef = 54BA17642CE129030041CF1A /* Preview Assets.xcassets */; };
		54BA176D2CE12BBD0041CF1A /* RecipeListView.swift in Sources */ = {isa = PBXBuildFile; fileRef = 54BA176C2CE12BBD0041CF1A /* RecipeListView.swift */; };
		54BA176F2CE12EC90041CF1A /* RecipeListRowView.swift in Sources */ = {isa = PBXBuildFile; fileRef = 54BA176E2CE12EC90041CF1A /* RecipeListRowView.swift */; };
		54BA17712CE1393D0041CF1A /* NewRecipeView.swift in Sources */ = {isa = PBXBuildFile; fileRef = 54BA17702CE1393D0041CF1A /* NewRecipeView.swift */; };
		54BA17742CE13FDD0041CF1A /* RecipeModel.swift in Sources */ = {isa = PBXBuildFile; fileRef = 54BA17732CE13FDD0041CF1A /* RecipeModel.swift */; };
		54BA17772CE14D4A0041CF1A /* RecipeViewModel.swift in Sources */ = {isa = PBXBuildFile; fileRef = 54BA17762CE14D4A0041CF1A /* RecipeViewModel.swift */; };
		54BA17792CE167C10041CF1A /* NoRecipesView.swift in Sources */ = {isa = PBXBuildFile; fileRef = 54BA17782CE167C10041CF1A /* NoRecipesView.swift */; };
		54BA177B2CE16F9E0041CF1A /* LaunchScreen.storyboard in Resources */ = {isa = PBXBuildFile; fileRef = 54BA177A2CE16F9E0041CF1A /* LaunchScreen.storyboard */; };
		54BA177D2CE17D700041CF1A /* RecipeTabView.swift in Sources */ = {isa = PBXBuildFile; fileRef = 54BA177C2CE17D700041CF1A /* RecipeTabView.swift */; };
		54BA177F2CE17DF10041CF1A /* HomeView.swift in Sources */ = {isa = PBXBuildFile; fileRef = 54BA177E2CE17DF10041CF1A /* HomeView.swift */; };
		54BA17812CE17E0F0041CF1A /* MyRecipesView.swift in Sources */ = {isa = PBXBuildFile; fileRef = 54BA17802CE17E0F0041CF1A /* MyRecipesView.swift */; };
		54BA17832CE17E300041CF1A /* RecipesSavedView.swift in Sources */ = {isa = PBXBuildFile; fileRef = 54BA17822CE17E300041CF1A /* RecipesSavedView.swift */; };
		54C85A462CE870570019801F /* LoadingView.swift in Sources */ = {isa = PBXBuildFile; fileRef = 54C85A452CE870570019801F /* LoadingView.swift */; };
/* End PBXBuildFile section */

/* Begin PBXFileReference section */
		54056D7A2CE84881007571D7 /* APIClient.swift */ = {isa = PBXFileReference; lastKnownFileType = sourcecode.swift; path = APIClient.swift; sourceTree = "<group>"; };
		54BA175A2CE129020041CF1A /* PerfectMix.app */ = {isa = PBXFileReference; explicitFileType = wrapper.application; includeInIndex = 0; path = PerfectMix.app; sourceTree = BUILT_PRODUCTS_DIR; };
		54BA175D2CE129020041CF1A /* PerfectMixApp.swift */ = {isa = PBXFileReference; lastKnownFileType = sourcecode.swift; path = PerfectMixApp.swift; sourceTree = "<group>"; };
		54BA175F2CE129020041CF1A /* ContentView.swift */ = {isa = PBXFileReference; lastKnownFileType = sourcecode.swift; path = ContentView.swift; sourceTree = "<group>"; };
		54BA17612CE129030041CF1A /* Assets.xcassets */ = {isa = PBXFileReference; lastKnownFileType = folder.assetcatalog; path = Assets.xcassets; sourceTree = "<group>"; };
		54BA17642CE129030041CF1A /* Preview Assets.xcassets */ = {isa = PBXFileReference; lastKnownFileType = folder.assetcatalog; path = "Preview Assets.xcassets"; sourceTree = "<group>"; };
		54BA176C2CE12BBD0041CF1A /* RecipeListView.swift */ = {isa = PBXFileReference; lastKnownFileType = sourcecode.swift; path = RecipeListView.swift; sourceTree = "<group>"; };
		54BA176E2CE12EC90041CF1A /* RecipeListRowView.swift */ = {isa = PBXFileReference; lastKnownFileType = sourcecode.swift; path = RecipeListRowView.swift; sourceTree = "<group>"; };
		54BA17702CE1393D0041CF1A /* NewRecipeView.swift */ = {isa = PBXFileReference; lastKnownFileType = sourcecode.swift; path = NewRecipeView.swift; sourceTree = "<group>"; };
		54BA17732CE13FDD0041CF1A /* RecipeModel.swift */ = {isa = PBXFileReference; lastKnownFileType = sourcecode.swift; path = RecipeModel.swift; sourceTree = "<group>"; };
		54BA17762CE14D4A0041CF1A /* RecipeViewModel.swift */ = {isa = PBXFileReference; lastKnownFileType = sourcecode.swift; path = RecipeViewModel.swift; sourceTree = "<group>"; };
		54BA17782CE167C10041CF1A /* NoRecipesView.swift */ = {isa = PBXFileReference; lastKnownFileType = sourcecode.swift; path = NoRecipesView.swift; sourceTree = "<group>"; };
		54BA177A2CE16F9E0041CF1A /* LaunchScreen.storyboard */ = {isa = PBXFileReference; lastKnownFileType = file.storyboard; path = LaunchScreen.storyboard; sourceTree = "<group>"; };
		54BA177C2CE17D700041CF1A /* RecipeTabView.swift */ = {isa = PBXFileReference; lastKnownFileType = sourcecode.swift; path = RecipeTabView.swift; sourceTree = "<group>"; };
		54BA177E2CE17DF10041CF1A /* HomeView.swift */ = {isa = PBXFileReference; lastKnownFileType = sourcecode.swift; path = HomeView.swift; sourceTree = "<group>"; };
		54BA17802CE17E0F0041CF1A /* MyRecipesView.swift */ = {isa = PBXFileReference; lastKnownFileType = sourcecode.swift; path = MyRecipesView.swift; sourceTree = "<group>"; };
		54BA17822CE17E300041CF1A /* RecipesSavedView.swift */ = {isa = PBXFileReference; lastKnownFileType = sourcecode.swift; path = RecipesSavedView.swift; sourceTree = "<group>"; };
		54C85A452CE870570019801F /* LoadingView.swift */ = {isa = PBXFileReference; lastKnownFileType = sourcecode.swift; path = LoadingView.swift; sourceTree = "<group>"; };
/* End PBXFileReference section */

/* Begin PBXFrameworksBuildPhase section */
		54BA17572CE129020041CF1A /* Frameworks */ = {
			isa = PBXFrameworksBuildPhase;
			buildActionMask = 2147483647;
			files = (
			);
			runOnlyForDeploymentPostprocessing = 0;
		};
/* End PBXFrameworksBuildPhase section */

/* Begin PBXGroup section */
		54056D792CE84862007571D7 /* managers */ = {
			isa = PBXGroup;
			children = (
				54056D7A2CE84881007571D7 /* APIClient.swift */,
			);
			path = managers;
			sourceTree = "<group>";
		};
		544718E62CE902CF00964E3E /* Utilities */ = {
			isa = PBXGroup;
			children = (
			);
			path = Utilities;
			sourceTree = "<group>";
		};
		54BA17512CE129020041CF1A = {
			isa = PBXGroup;
			children = (
				54BA175C2CE129020041CF1A /* PerfectMix */,
				54BA175B2CE129020041CF1A /* Products */,
			);
			sourceTree = "<group>";
		};
		54BA175B2CE129020041CF1A /* Products */ = {
			isa = PBXGroup;
			children = (
				54BA175A2CE129020041CF1A /* PerfectMix.app */,
			);
			name = Products;
			sourceTree = "<group>";
		};
		54BA175C2CE129020041CF1A /* PerfectMix */ = {
			isa = PBXGroup;
			children = (
				544718E62CE902CF00964E3E /* Utilities */,
				54056D792CE84862007571D7 /* managers */,
				54BA175D2CE129020041CF1A /* PerfectMixApp.swift */,
				54BA17722CE13F8C0041CF1A /* Model */,
				54BA17752CE14CE40041CF1A /* ViewModels */,
				54BA176B2CE12B9F0041CF1A /* Views */,
				54BA175F2CE129020041CF1A /* ContentView.swift */,
				54BA17612CE129030041CF1A /* Assets.xcassets */,
				54BA17632CE129030041CF1A /* Preview Content */,
				54C85A452CE870570019801F /* LoadingView.swift */,
			);
			path = PerfectMix;
			sourceTree = "<group>";
		};
		54BA17632CE129030041CF1A /* Preview Content */ = {
			isa = PBXGroup;
			children = (
				54BA17642CE129030041CF1A /* Preview Assets.xcassets */,
			);
			path = "Preview Content";
			sourceTree = "<group>";
		};
		54BA176B2CE12B9F0041CF1A /* Views */ = {
			isa = PBXGroup;
			children = (
				54BA176C2CE12BBD0041CF1A /* RecipeListView.swift */,
				54BA176E2CE12EC90041CF1A /* RecipeListRowView.swift */,
				54BA17702CE1393D0041CF1A /* NewRecipeView.swift */,
				54BA17782CE167C10041CF1A /* NoRecipesView.swift */,
				54BA177A2CE16F9E0041CF1A /* LaunchScreen.storyboard */,
				54BA177C2CE17D700041CF1A /* RecipeTabView.swift */,
				54BA177E2CE17DF10041CF1A /* HomeView.swift */,
				54BA17802CE17E0F0041CF1A /* MyRecipesView.swift */,
				54BA17822CE17E300041CF1A /* RecipesSavedView.swift */,
			);
			path = Views;
			sourceTree = "<group>";
		};
		54BA17722CE13F8C0041CF1A /* Model */ = {
			isa = PBXGroup;
			children = (
				54BA17732CE13FDD0041CF1A /* RecipeModel.swift */,
			);
			path = Model;
			sourceTree = "<group>";
		};
		54BA17752CE14CE40041CF1A /* ViewModels */ = {
			isa = PBXGroup;
			children = (
				54BA17762CE14D4A0041CF1A /* RecipeViewModel.swift */,
			);
			path = ViewModels;
			sourceTree = "<group>";
		};
/* End PBXGroup section */

/* Begin PBXNativeTarget section */
		54BA17592CE129020041CF1A /* PerfectMix */ = {
			isa = PBXNativeTarget;
			buildConfigurationList = 54BA17682CE129030041CF1A /* Build configuration list for PBXNativeTarget "PerfectMix" */;
			buildPhases = (
				54BA17562CE129020041CF1A /* Sources */,
				54BA17572CE129020041CF1A /* Frameworks */,
				54BA17582CE129020041CF1A /* Resources */,
			);
			buildRules = (
			);
			dependencies = (
			);
			name = PerfectMix;
			packageProductDependencies = (
			);
			productName = PerfectMix;
			productReference = 54BA175A2CE129020041CF1A /* PerfectMix.app */;
			productType = "com.apple.product-type.application";
		};
/* End PBXNativeTarget section */

/* Begin PBXProject section */
		54BA17522CE129020041CF1A /* Project object */ = {
			isa = PBXProject;
			attributes = {
				BuildIndependentTargetsInParallel = 1;
				LastSwiftUpdateCheck = 1310;
				LastUpgradeCheck = 1310;
				TargetAttributes = {
					54BA17592CE129020041CF1A = {
						CreatedOnToolsVersion = 13.1;
					};
				};
			};
			buildConfigurationList = 54BA17552CE129020041CF1A /* Build configuration list for PBXProject "PerfectMix" */;
			compatibilityVersion = "Xcode 13.0";
			developmentRegion = en;
			hasScannedForEncodings = 0;
			knownRegions = (
				en,
				Base,
			);
			mainGroup = 54BA17512CE129020041CF1A;
			packageReferences = (
			);
			productRefGroup = 54BA175B2CE129020041CF1A /* Products */;
			projectDirPath = "";
			projectRoot = "";
			targets = (
				54BA17592CE129020041CF1A /* PerfectMix */,
			);
		};
/* End PBXProject section */

/* Begin PBXResourcesBuildPhase section */
		54BA17582CE129020041CF1A /* Resources */ = {
			isa = PBXResourcesBuildPhase;
			buildActionMask = 2147483647;
			files = (
				54BA177B2CE16F9E0041CF1A /* LaunchScreen.storyboard in Resources */,
				54BA17652CE129030041CF1A /* Preview Assets.xcassets in Resources */,
				54BA17622CE129030041CF1A /* Assets.xcassets in Resources */,
			);
			runOnlyForDeploymentPostprocessing = 0;
		};
/* End PBXResourcesBuildPhase section */

/* Begin PBXSourcesBuildPhase section */
		54BA17562CE129020041CF1A /* Sources */ = {
			isa = PBXSourcesBuildPhase;
			buildActionMask = 2147483647;
			files = (
				54BA176D2CE12BBD0041CF1A /* RecipeListView.swift in Sources */,
				54BA17812CE17E0F0041CF1A /* MyRecipesView.swift in Sources */,
				54056D7B2CE84881007571D7 /* APIClient.swift in Sources */,
				54BA17792CE167C10041CF1A /* NoRecipesView.swift in Sources */,
				54BA17712CE1393D0041CF1A /* NewRecipeView.swift in Sources */,
				54C85A462CE870570019801F /* LoadingView.swift in Sources */,
				54BA177F2CE17DF10041CF1A /* HomeView.swift in Sources */,
				54BA176F2CE12EC90041CF1A /* RecipeListRowView.swift in Sources */,
				54BA17772CE14D4A0041CF1A /* RecipeViewModel.swift in Sources */,
				54BA177D2CE17D700041CF1A /* RecipeTabView.swift in Sources */,
				54BA17602CE129020041CF1A /* ContentView.swift in Sources */,
				54BA175E2CE129020041CF1A /* PerfectMixApp.swift in Sources */,
				54BA17832CE17E300041CF1A /* RecipesSavedView.swift in Sources */,
				54BA17742CE13FDD0041CF1A /* RecipeModel.swift in Sources */,
			);
			runOnlyForDeploymentPostprocessing = 0;
		};
/* End PBXSourcesBuildPhase section */

/* Begin XCBuildConfiguration section */
		54BA17662CE129030041CF1A /* Debug */ = {
			isa = XCBuildConfiguration;
			buildSettings = {
				ALWAYS_SEARCH_USER_PATHS = NO;
				CLANG_ANALYZER_NONNULL = YES;
				CLANG_ANALYZER_NUMBER_OBJECT_CONVERSION = YES_AGGRESSIVE;
				CLANG_CXX_LANGUAGE_STANDARD = "gnu++17";
				CLANG_CXX_LIBRARY = "libc++";
				CLANG_ENABLE_MODULES = YES;
				CLANG_ENABLE_OBJC_ARC = YES;
				CLANG_ENABLE_OBJC_WEAK = YES;
				CLANG_WARN_BLOCK_CAPTURE_AUTORELEASING = YES;
				CLANG_WARN_BOOL_CONVERSION = YES;
				CLANG_WARN_COMMA = YES;
				CLANG_WARN_CONSTANT_CONVERSION = YES;
				CLANG_WARN_DEPRECATED_OBJC_IMPLEMENTATIONS = YES;
				CLANG_WARN_DIRECT_OBJC_ISA_USAGE = YES_ERROR;
				CLANG_WARN_DOCUMENTATION_COMMENTS = YES;
				CLANG_WARN_EMPTY_BODY = YES;
				CLANG_WARN_ENUM_CONVERSION = YES;
				CLANG_WARN_INFINITE_RECURSION = YES;
				CLANG_WARN_INT_CONVERSION = YES;
				CLANG_WARN_NON_LITERAL_NULL_CONVERSION = YES;
				CLANG_WARN_OBJC_IMPLICIT_RETAIN_SELF = YES;
				CLANG_WARN_OBJC_LITERAL_CONVERSION = YES;
				CLANG_WARN_OBJC_ROOT_CLASS = YES_ERROR;
				CLANG_WARN_QUOTED_INCLUDE_IN_FRAMEWORK_HEADER = YES;
				CLANG_WARN_RANGE_LOOP_ANALYSIS = YES;
				CLANG_WARN_STRICT_PROTOTYPES = YES;
				CLANG_WARN_SUSPICIOUS_MOVE = YES;
				CLANG_WARN_UNGUARDED_AVAILABILITY = YES_AGGRESSIVE;
				CLANG_WARN_UNREACHABLE_CODE = YES;
				CLANG_WARN__DUPLICATE_METHOD_MATCH = YES;
				COPY_PHASE_STRIP = NO;
				DEBUG_INFORMATION_FORMAT = dwarf;
				ENABLE_STRICT_OBJC_MSGSEND = YES;
				ENABLE_TESTABILITY = YES;
				GCC_C_LANGUAGE_STANDARD = gnu11;
				GCC_DYNAMIC_NO_PIC = NO;
				GCC_NO_COMMON_BLOCKS = YES;
				GCC_OPTIMIZATION_LEVEL = 0;
				GCC_PREPROCESSOR_DEFINITIONS = (
					"DEBUG=1",
					"$(inherited)",
				);
				GCC_WARN_64_TO_32_BIT_CONVERSION = YES;
				GCC_WARN_ABOUT_RETURN_TYPE = YES_ERROR;
				GCC_WARN_UNDECLARED_SELECTOR = YES;
				GCC_WARN_UNINITIALIZED_AUTOS = YES_AGGRESSIVE;
				GCC_WARN_UNUSED_FUNCTION = YES;
				GCC_WARN_UNUSED_VARIABLE = YES;
				IPHONEOS_DEPLOYMENT_TARGET = 15.0;
				MTL_ENABLE_DEBUG_INFO = INCLUDE_SOURCE;
				MTL_FAST_MATH = YES;
				ONLY_ACTIVE_ARCH = YES;
				SDKROOT = iphoneos;
				SWIFT_ACTIVE_COMPILATION_CONDITIONS = DEBUG;
				SWIFT_OPTIMIZATION_LEVEL = "-Onone";
			};
			name = Debug;
		};
		54BA17672CE129030041CF1A /* Release */ = {
			isa = XCBuildConfiguration;
			buildSettings = {
				ALWAYS_SEARCH_USER_PATHS = NO;
				CLANG_ANALYZER_NONNULL = YES;
				CLANG_ANALYZER_NUMBER_OBJECT_CONVERSION = YES_AGGRESSIVE;
				CLANG_CXX_LANGUAGE_STANDARD = "gnu++17";
				CLANG_CXX_LIBRARY = "libc++";
				CLANG_ENABLE_MODULES = YES;
				CLANG_ENABLE_OBJC_ARC = YES;
				CLANG_ENABLE_OBJC_WEAK = YES;
				CLANG_WARN_BLOCK_CAPTURE_AUTORELEASING = YES;
				CLANG_WARN_BOOL_CONVERSION = YES;
				CLANG_WARN_COMMA = YES;
				CLANG_WARN_CONSTANT_CONVERSION = YES;
				CLANG_WARN_DEPRECATED_OBJC_IMPLEMENTATIONS = YES;
				CLANG_WARN_DIRECT_OBJC_ISA_USAGE = YES_ERROR;
				CLANG_WARN_DOCUMENTATION_COMMENTS = YES;
				CLANG_WARN_EMPTY_BODY = YES;
				CLANG_WARN_ENUM_CONVERSION = YES;
				CLANG_WARN_INFINITE_RECURSION = YES;
				CLANG_WARN_INT_CONVERSION = YES;
				CLANG_WARN_NON_LITERAL_NULL_CONVERSION = YES;
				CLANG_WARN_OBJC_IMPLICIT_RETAIN_SELF = YES;
				CLANG_WARN_OBJC_LITERAL_CONVERSION = YES;
				CLANG_WARN_OBJC_ROOT_CLASS = YES_ERROR;
				CLANG_WARN_QUOTED_INCLUDE_IN_FRAMEWORK_HEADER = YES;
				CLANG_WARN_RANGE_LOOP_ANALYSIS = YES;
				CLANG_WARN_STRICT_PROTOTYPES = YES;
				CLANG_WARN_SUSPICIOUS_MOVE = YES;
				CLANG_WARN_UNGUARDED_AVAILABILITY = YES_AGGRESSIVE;
				CLANG_WARN_UNREACHABLE_CODE = YES;
				CLANG_WARN__DUPLICATE_METHOD_MATCH = YES;
				COPY_PHASE_STRIP = NO;
				DEBUG_INFORMATION_FORMAT = "dwarf-with-dsym";
				ENABLE_NS_ASSERTIONS = NO;
				ENABLE_STRICT_OBJC_MSGSEND = YES;
				GCC_C_LANGUAGE_STANDARD = gnu11;
				GCC_NO_COMMON_BLOCKS = YES;
				GCC_WARN_64_TO_32_BIT_CONVERSION = YES;
				GCC_WARN_ABOUT_RETURN_TYPE = YES_ERROR;
				GCC_WARN_UNDECLARED_SELECTOR = YES;
				GCC_WARN_UNINITIALIZED_AUTOS = YES_AGGRESSIVE;
				GCC_WARN_UNUSED_FUNCTION = YES;
				GCC_WARN_UNUSED_VARIABLE = YES;
				IPHONEOS_DEPLOYMENT_TARGET = 15.0;
				MTL_ENABLE_DEBUG_INFO = NO;
				MTL_FAST_MATH = YES;
				SDKROOT = iphoneos;
				SWIFT_COMPILATION_MODE = wholemodule;
				SWIFT_OPTIMIZATION_LEVEL = "-O";
				VALIDATE_PRODUCT = YES;
			};
			name = Release;
		};
		54BA17692CE129030041CF1A /* Debug */ = {
			isa = XCBuildConfiguration;
			buildSettings = {
				ASSETCATALOG_COMPILER_APPICON_NAME = AppIcon;
				ASSETCATALOG_COMPILER_GLOBAL_ACCENT_COLOR_NAME = AccentColor;
				CODE_SIGN_STYLE = Automatic;
				CURRENT_PROJECT_VERSION = 1;
				DEVELOPMENT_ASSET_PATHS = "\"PerfectMix/Preview Content\"";
				ENABLE_PREVIEWS = YES;
				GENERATE_INFOPLIST_FILE = YES;
				INFOPLIST_KEY_UIApplicationSceneManifest_Generation = YES;
				INFOPLIST_KEY_UIApplicationSupportsIndirectInputEvents = YES;
				INFOPLIST_KEY_UILaunchScreen_Generation = YES;
				INFOPLIST_KEY_UILaunchStoryboardName = LaunchScreen;
				INFOPLIST_KEY_UISupportedInterfaceOrientations_iPad = "UIInterfaceOrientationPortrait UIInterfaceOrientationPortraitUpsideDown UIInterfaceOrientationLandscapeLeft UIInterfaceOrientationLandscapeRight";
				INFOPLIST_KEY_UISupportedInterfaceOrientations_iPhone = "UIInterfaceOrientationPortrait UIInterfaceOrientationLandscapeLeft UIInterfaceOrientationLandscapeRight";
				LD_RUNPATH_SEARCH_PATHS = (
					"$(inherited)",
					"@executable_path/Frameworks",
				);
				MARKETING_VERSION = 1.0;
				PRODUCT_BUNDLE_IDENTIFIER = com.mei.mc.PerfectMix;
				PRODUCT_NAME = "$(TARGET_NAME)";
				SWIFT_EMIT_LOC_STRINGS = YES;
				SWIFT_VERSION = 5.0;
				TARGETED_DEVICE_FAMILY = 1;
			};
			name = Debug;
		};
		54BA176A2CE129030041CF1A /* Release */ = {
			isa = XCBuildConfiguration;
			buildSettings = {
				ASSETCATALOG_COMPILER_APPICON_NAME = AppIcon;
				ASSETCATALOG_COMPILER_GLOBAL_ACCENT_COLOR_NAME = AccentColor;
				CODE_SIGN_STYLE = Automatic;
				CURRENT_PROJECT_VERSION = 1;
				DEVELOPMENT_ASSET_PATHS = "\"PerfectMix/Preview Content\"";
				ENABLE_PREVIEWS = YES;
				GENERATE_INFOPLIST_FILE = YES;
				INFOPLIST_KEY_UIApplicationSceneManifest_Generation = YES;
				INFOPLIST_KEY_UIApplicationSupportsIndirectInputEvents = YES;
				INFOPLIST_KEY_UILaunchScreen_Generation = YES;
				INFOPLIST_KEY_UILaunchStoryboardName = LaunchScreen;
				INFOPLIST_KEY_UISupportedInterfaceOrientations_iPad = "UIInterfaceOrientationPortrait UIInterfaceOrientationPortraitUpsideDown UIInterfaceOrientationLandscapeLeft UIInterfaceOrientationLandscapeRight";
				INFOPLIST_KEY_UISupportedInterfaceOrientations_iPhone = "UIInterfaceOrientationPortrait UIInterfaceOrientationLandscapeLeft UIInterfaceOrientationLandscapeRight";
				LD_RUNPATH_SEARCH_PATHS = (
					"$(inherited)",
					"@executable_path/Frameworks",
				);
				MARKETING_VERSION = 1.0;
				PRODUCT_BUNDLE_IDENTIFIER = com.mei.mc.PerfectMix;
				PRODUCT_NAME = "$(TARGET_NAME)";
				SWIFT_EMIT_LOC_STRINGS = YES;
				SWIFT_VERSION = 5.0;
				TARGETED_DEVICE_FAMILY = 1;
			};
			name = Release;
		};
/* End XCBuildConfiguration section */

/* Begin XCConfigurationList section */
		54BA17552CE129020041CF1A /* Build configuration list for PBXProject "PerfectMix" */ = {
			isa = XCConfigurationList;
			buildConfigurations = (
				54BA17662CE129030041CF1A /* Debug */,
				54BA17672CE129030041CF1A /* Release */,
			);
			defaultConfigurationIsVisible = 0;
			defaultConfigurationName = Release;
		};
		54BA17682CE129030041CF1A /* Build configuration list for PBXNativeTarget "PerfectMix" */ = {
			isa = XCConfigurationList;
			buildConfigurations = (
				54BA17692CE129030041CF1A /* Debug */,
				54BA176A2CE129030041CF1A /* Release */,
			);
			defaultConfigurationIsVisible = 0;
			defaultConfigurationName = Release;
		};
/* End XCConfigurationList section */
	};
	rootObject = 54BA17522CE129020041CF1A /* Project object */;
}
